
Microsoft Visual Studio Solution File, Format Version 12.00
# Visual Studio Version 16
VisualStudioVersion = 16.0.31019.35
MinimumVisualStudioVersion = 10.0.40219.1
Project("{FAE04EC0-301F-11D3-BF4B-00C04F79EFBC}") = "CSText", "CSText.csproj", "{E5FDB52F-2DBD-4081-8BAD-2E840987D992}"
EndProject
Global
	GlobalSection(SolutionConfigurationPlatforms) = preSolution
		Debug|Any CPU = Debug|Any CPU
		Release|Any CPU = Release|Any CPU
	EndGlobalSection
	GlobalSection(ProjectConfigurationPlatforms) = postSolution
		{E5FDB52F-2DBD-4081-8BAD-2E840987D992}.Debug|Any CPU.ActiveCfg = Debug|Any CPU
		{E5FDB52F-2DBD-4081-8BAD-2E840987D992}.Debug|Any CPU.Build.0 = Debug|Any CPU
		{E5FDB52F-2DBD-4081-8BAD-2E840987D992}.Release|Any CPU.ActiveCfg = Release|Any CPU
		{E5FDB52F-2DBD-4081-8BAD-2E840987D992}.Release|Any CPU.Build.0 = Release|Any CPU
	EndGlobalSection
	GlobalSection(SolutionProperties) = preSolution
		HideSolutionNode = FALSE
	EndGlobalSection
	GlobalSection(ExtensibilityGlobals) = postSolution
		SolutionGuid = {2F4709B6-A863-4800-9425-B768E0DA63E3}
	EndGlobalSection
EndGlobal
